// !$*UTF8*$!
{
	archiveVersion = 1;
	classes = {
	};
	objectVersion = 46;
	objects = {

/* Begin PBXBuildFile section */
		D37B47C51C8D7B5F006F78B0 /* AppDelegate.swift in Sources */ = {isa = PBXBuildFile; fileRef = D37B47C41C8D7B5F006F78B0 /* AppDelegate.swift */; };
		D37B47C71C8D7B5F006F78B0 /* ViewController.swift in Sources */ = {isa = PBXBuildFile; fileRef = D37B47C61C8D7B5F006F78B0 /* ViewController.swift */; };
		D37B47CA1C8D7B5F006F78B0 /* Main.storyboard in Resources */ = {isa = PBXBuildFile; fileRef = D37B47C81C8D7B5F006F78B0 /* Main.storyboard */; };
		D37B47CC1C8D7B5F006F78B0 /* Assets.xcassets in Resources */ = {isa = PBXBuildFile; fileRef = D37B47CB1C8D7B5F006F78B0 /* Assets.xcassets */; };
		D37B47CF1C8D7B5F006F78B0 /* LaunchScreen.storyboard in Resources */ = {isa = PBXBuildFile; fileRef = D37B47CD1C8D7B5F006F78B0 /* LaunchScreen.storyboard */; };
		D3AA39421C8E672200EF769B /* mCollectionViewCell.swift in Sources */ = {isa = PBXBuildFile; fileRef = D3AA39411C8E672200EF769B /* mCollectionViewCell.swift */; };
		D3AA39441C8E677700EF769B /* baseClass.swift in Sources */ = {isa = PBXBuildFile; fileRef = D3AA39431C8E677700EF769B /* baseClass.swift */; };
/* End PBXBuildFile section */

/* Begin PBXFileReference section */
		D37B47C11C8D7B5E006F78B0 /* Project5-CarouselEffect.app */ = {isa = PBXFileReference; explicitFileType = wrapper.application; includeInIndex = 0; path = "Project5-CarouselEffect.app"; sourceTree = BUILT_PRODUCTS_DIR; };
		D37B47C41C8D7B5F006F78B0 /* AppDelegate.swift */ = {isa = PBXFileReference; lastKnownFileType = sourcecode.swift; path = AppDelegate.swift; sourceTree = "<group>"; };
		D37B47C61C8D7B5F006F78B0 /* ViewController.swift */ = {isa = PBXFileReference; lastKnownFileType = sourcecode.swift; path = ViewController.swift; sourceTree = "<group>"; };
		D37B47C91C8D7B5F006F78B0 /* Base */ = {isa = PBXFileReference; lastKnownFileType = file.storyboard; name = Base; path = Base.lproj/Main.storyboard; sourceTree = "<group>"; };
		D37B47CB1C8D7B5F006F78B0 /* Assets.xcassets */ = {isa = PBXFileReference; lastKnownFileType = folder.assetcatalog; path = Assets.xcassets; sourceTree = "<group>"; };
		D37B47CE1C8D7B5F006F78B0 /* Base */ = {isa = PBXFileReference; lastKnownFileType = file.storyboard; name = Base; path = Base.lproj/LaunchScreen.storyboard; sourceTree = "<group>"; };
		D37B47D01C8D7B5F006F78B0 /* Info.plist */ = {isa = PBXFileReference; lastKnownFileType = text.plist.xml; path = Info.plist; sourceTree = "<group>"; };
		D3AA39411C8E672200EF769B /* mCollectionViewCell.swift */ = {isa = PBXFileReference; fileEncoding = 4; lastKnownFileType = sourcecode.swift; path = mCollectionViewCell.swift; sourceTree = "<group>"; };
		D3AA39431C8E677700EF769B /* baseClass.swift */ = {isa = PBXFileReference; fileEncoding = 4; lastKnownFileType = sourcecode.swift; path = baseClass.swift; sourceTree = "<group>"; };
/* End PBXFileReference section */

/* Begin PBXFrameworksBuildPhase section */
		D37B47BE1C8D7B5E006F78B0 /* Frameworks */ = {
			isa = PBXFrameworksBuildPhase;
			buildActionMask = 2147483647;
			files = (
			);
			runOnlyForDeploymentPostprocessing = 0;
		};
/* End PBXFrameworksBuildPhase section */

/* Begin PBXGroup section */
		D37B47B81C8D7B5E006F78B0 = {
			isa = PBXGroup;
			children = (
				D37B47C31C8D7B5F006F78B0 /* Project5-CarouselEffect */,
				D37B47C21C8D7B5E006F78B0 /* Products */,
			);
			sourceTree = "<group>";
		};
		D37B47C21C8D7B5E006F78B0 /* Products */ = {
			isa = PBXGroup;
			children = (
				D37B47C11C8D7B5E006F78B0 /* Project5-CarouselEffect.app */,
			);
			name = Products;
			sourceTree = "<group>";
		};
		D37B47C31C8D7B5F006F78B0 /* Project5-CarouselEffect */ = {
			isa = PBXGroup;
			children = (
				D37B47C41C8D7B5F006F78B0 /* AppDelegate.swift */,
				D37B47C61C8D7B5F006F78B0 /* ViewController.swift */,
				D3AA39431C8E677700EF769B /* baseClass.swift */,
				D3AA39411C8E672200EF769B /* mCollectionViewCell.swift */,
				D37B47C81C8D7B5F006F78B0 /* Main.storyboard */,
				D37B47CB1C8D7B5F006F78B0 /* Assets.xcassets */,
				D37B47CD1C8D7B5F006F78B0 /* LaunchScreen.storyboard */,
				D37B47D01C8D7B5F006F78B0 /* Info.plist */,
			);
			path = "Project5-CarouselEffect";
			sourceTree = "<group>";
		};
/* End PBXGroup section */

/* Begin PBXNativeTarget section */
		D37B47C01C8D7B5E006F78B0 /* Project5-CarouselEffect */ = {
			isa = PBXNativeTarget;
			buildConfigurationList = D37B47D31C8D7B5F006F78B0 /* Build configuration list for PBXNativeTarget "Project5-CarouselEffect" */;
			buildPhases = (
				D37B47BD1C8D7B5E006F78B0 /* Sources */,
				D37B47BE1C8D7B5E006F78B0 /* Frameworks */,
				D37B47BF1C8D7B5E006F78B0 /* Resources */,
			);
			buildRules = (
			);
			dependencies = (
			);
			name = "Project5-CarouselEffect";
			productName = "Project5-CarouselEffect";
			productReference = D37B47C11C8D7B5E006F78B0 /* Project5-CarouselEffect.app */;
			productType = "com.apple.product-type.application";
		};
/* End PBXNativeTarget section */

/* Begin PBXProject section */
		D37B47B91C8D7B5E006F78B0 /* Project object */ = {
			isa = PBXProject;
			attributes = {
				LastSwiftUpdateCheck = 0720;
				LastUpgradeCheck = 0720;
				ORGANIZATIONNAME = yushengyang;
				TargetAttributes = {
					D37B47C01C8D7B5E006F78B0 = {
						CreatedOnToolsVersion = 7.2.1;
					};
				};
			};
			buildConfigurationList = D37B47BC1C8D7B5E006F78B0 /* Build configuration list for PBXProject "Project5-CarouselEffect" */;
			compatibilityVersion = "Xcode 3.2";
			developmentRegion = English;
			hasScannedForEncodings = 0;
			knownRegions = (
				en,
				Base,
			);
			mainGroup = D37B47B81C8D7B5E006F78B0;
			productRefGroup = D37B47C21C8D7B5E006F78B0 /* Products */;
			projectDirPath = "";
			projectRoot = "";
			targets = (
				D37B47C01C8D7B5E006F78B0 /* Project5-CarouselEffect */,
			);
		};
/* End PBXProject section */

/* Begin PBXResourcesBuildPhase section */
		D37B47BF1C8D7B5E006F78B0 /* Resources */ = {
			isa = PBXResourcesBuildPhase;
			buildActionMask = 2147483647;
			files = (
				D37B47CF1C8D7B5F006F78B0 /* LaunchScreen.storyboard in Resources */,
				D37B47CC1C8D7B5F006F78B0 /* Assets.xcassets in Resources */,
				D37B47CA1C8D7B5F006F78B0 /* Main.storyboard in Resources */,
			);
			runOnlyForDeploymentPostprocessing = 0;
		};
/* End PBXResourcesBuildPhase section */

/* Begin PBXSourcesBuildPhase section */
		D37B47BD1C8D7B5E006F78B0 /* Sources */ = {
			isa = PBXSourcesBuildPhase;
			buildActionMask = 2147483647;
			files = (
				D37B47C71C8D7B5F006F78B0 /* ViewController.swift in Sources */,
				D3AA39421C8E672200EF769B /* mCollectionViewCell.swift in Sources */,
				D37B47C51C8D7B5F006F78B0 /* AppDelegate.swift in Sources */,
				D3AA39441C8E677700EF769B /* baseClass.swift in Sources */,
			);
			runOnlyForDeploymentPostprocessing = 0;
		};
/* End PBXSourcesBuildPhase section */

/* Begin PBXVariantGroup section */
		D37B47C81C8D7B5F006F78B0 /* Main.storyboard */ = {
			isa = PBXVariantGroup;
			children = (
				D37B47C91C8D7B5F006F78B0 /* Base */,
			);
			name = Main.storyboard;
			sourceTree = "<group>";
		};
		D37B47CD1C8D7B5F006F78B0 /* LaunchScreen.storyboard */ = {
			isa = PBXVariantGroup;
			children = (
				D37B47CE1C8D7B5F006F78B0 /* Base */,
			);
			name = LaunchScreen.storyboard;
			sourceTree = "<group>";
		};
/* End PBXVariantGroup section */

/* Begin XCBuildConfiguration section */
		D37B47D11C8D7B5F006F78B0 /* Debug */ = {
			isa = XCBuildConfiguration;
			buildSettings = {
				ALWAYS_SEARCH_USER_PATHS = NO;
				CLANG_CXX_LANGUAGE_STANDARD = "gnu++0x";
				CLANG_CXX_LIBRARY = "libc++";
				CLANG_ENABLE_MODULES = YES;
				CLANG_ENABLE_OBJC_ARC = YES;
				CLANG_WARN_BOOL_CONVERSION = YES;
				CLANG_WARN_CONSTANT_CONVERSION = YES;
				CLANG_WARN_DIRECT_OBJC_ISA_USAGE = YES_ERROR;
				CLANG_WARN_EMPTY_BODY = YES;
				CLANG_WARN_ENUM_CONVERSION = YES;
				CLANG_WARN_INT_CONVERSION = YES;
				CLANG_WARN_OBJC_ROOT_CLASS = YES_ERROR;
				CLANG_WARN_UNREACHABLE_CODE = YES;
				CLANG_WARN__DUPLICATE_METHOD_MATCH = YES;
				"CODE_SIGN_IDENTITY[sdk=iphoneos*]" = "iPhone Developer";
				COPY_PHASE_STRIP = NO;
				DEBUG_INFORMATION_FORMAT = dwarf;
				ENABLE_STRICT_OBJC_MSGSEND = YES;
				ENABLE_TESTABILITY = YES;
				GCC_C_LANGUAGE_STANDARD = gnu99;
				GCC_DYNAMIC_NO_PIC = NO;
				GCC_NO_COMMON_BLOCKS = YES;
				GCC_OPTIMIZATION_LEVEL = 0;
				GCC_PREPROCESSOR_DEFINITIONS = (
					"DEBUG=1",
					"$(inherited)",
				);
				GCC_WARN_64_TO_32_BIT_CONVERSION = YES;
				GCC_WARN_ABOUT_RETURN_TYPE = YES_ERROR;
				GCC_WARN_UNDECLARED_SELECTOR = YES;
				GCC_WARN_UNINITIALIZED_AUTOS = YES_AGGRESSIVE;
				GCC_WARN_UNUSED_FUNCTION = YES;
				GCC_WARN_UNUSED_VARIABLE = YES;
				IPHONEOS_DEPLOYMENT_TARGET = 9.2;
				MTL_ENABLE_DEBUG_INFO = YES;
				ONLY_ACTIVE_ARCH = YES;
				SDKROOT = iphoneos;
				SWIFT_OPTIMIZATION_LEVEL = "-Onone";
			};
			name = Debug;
		};
		D37B47D21C8D7B5F006F78B0 /* Release */ = {
			isa = XCBuildConfiguration;
			buildSettings = {
				ALWAYS_SEARCH_USER_PATHS = NO;
				CLANG_CXX_LANGUAGE_STANDARD = "gnu++0x";
				CLANG_CXX_LIBRARY = "libc++";
				CLANG_ENABLE_MODULES = YES;
				CLANG_ENABLE_OBJC_ARC = YES;
				CLANG_WARN_BOOL_CONVERSION = YES;
				CLANG_WARN_CONSTANT_CONVERSION = YES;
				CLANG_WARN_DIRECT_OBJC_ISA_USAGE = YES_ERROR;
				CLANG_WARN_EMPTY_BODY = YES;
				CLANG_WARN_ENUM_CONVERSION = YES;
				CLANG_WARN_INT_CONVERSION = YES;
				CLANG_WARN_OBJC_ROOT_CLASS = YES_ERROR;
				CLANG_WARN_UNREACHABLE_CODE = YES;
				CLANG_WARN__DUPLICATE_METHOD_MATCH = YES;
				"CODE_SIGN_IDENTITY[sdk=iphoneos*]" = "iPhone Developer";
				COPY_PHASE_STRIP = NO;
				DEBUG_INFORMATION_FORMAT = "dwarf-with-dsym";
				ENABLE_NS_ASSERTIONS = NO;
				ENABLE_STRICT_OBJC_MSGSEND = YES;
				GCC_C_LANGUAGE_STANDARD = gnu99;
				GCC_NO_COMMON_BLOCKS = YES;
				GCC_WARN_64_TO_32_BIT_CONVERSION = YES;
				GCC_WARN_ABOUT_RETURN_TYPE = YES_ERROR;
				GCC_WARN_UNDECLARED_SELECTOR = YES;
				GCC_WARN_UNINITIALIZED_AUTOS = YES_AGGRESSIVE;
				GCC_WARN_UNUSED_FUNCTION = YES;
				GCC_WARN_UNUSED_VARIABLE = YES;
				IPHONEOS_DEPLOYMENT_TARGET = 9.2;
				MTL_ENABLE_DEBUG_INFO = NO;
				SDKROOT = iphoneos;
				VALIDATE_PRODUCT = YES;
			};
			name = Release;
		};
		D37B47D41C8D7B5F006F78B0 /* Debug */ = {
			isa = XCBuildConfiguration;
			buildSettings = {
				ASSETCATALOG_COMPILER_APPICON_NAME = AppIcon;
				INFOPLIST_FILE = "Project5-CarouselEffect/Info.plist";
				LD_RUNPATH_SEARCH_PATHS = "$(inherited) @executable_path/Frameworks";
				PRODUCT_BUNDLE_IDENTIFIER = "com.apule.Project5-CarouselEffect";
				PRODUCT_NAME = "$(TARGET_NAME)";
			};
			name = Debug;
		};
		D37B47D51C8D7B5F006F78B0 /* Release */ = {
			isa = XCBuildConfiguration;
			buildSettings = {
				ASSETCATALOG_COMPILER_APPICON_NAME = AppIcon;
				INFOPLIST_FILE = "Project5-CarouselEffect/Info.plist";
				LD_RUNPATH_SEARCH_PATHS = "$(inherited) @executable_path/Frameworks";
				PRODUCT_BUNDLE_IDENTIFIER = "com.apule.Project5-CarouselEffect";
				PRODUCT_NAME = "$(TARGET_NAME)";
			};
			name = Release;
		};
/* End XCBuildConfiguration section */

/* Begin XCConfigurationList section */
		D37B47BC1C8D7B5E006F78B0 /* Build configuration list for PBXProject "Project5-CarouselEffect" */ = {
			isa = XCConfigurationList;
			buildConfigurations = (
				D37B47D11C8D7B5F006F78B0 /* Debug */,
				D37B47D21C8D7B5F006F78B0 /* Release */,
			);
			defaultConfigurationIsVisible = 0;
			defaultConfigurationName = Release;
		};
		D37B47D31C8D7B5F006F78B0 /* Build configuration list for PBXNativeTarget "Project5-CarouselEffect" */ = {
			isa = XCConfigurationList;
			buildConfigurations = (
				D37B47D41C8D7B5F006F78B0 /* Debug */,
				D37B47D51C8D7B5F006F78B0 /* Release */,
			);
			defaultConfigurationIsVisible = 0;
			defaultConfigurationName = Release;
		};
/* End XCConfigurationList section */
	};
	rootObject = D37B47B91C8D7B5E006F78B0 /* Project object */;
}
